
Microsoft Visual Studio Solution File, Format Version 12.00
# Visual Studio 15
VisualStudioVersion = 15.0.28307.168
MinimumVisualStudioVersion = 10.0.40219.1
Project("{FAE04EC0-301F-11D3-BF4B-00C04F79EFBC}") = "DystirXamarin.Android", "DystirXamarin\DystirXamarin.Android\DystirXamarin.Android.csproj", "{567B2922-A0A2-4CE0-802E-9FD43A0C35A9}"
EndProject
Project("{FAE04EC0-301F-11D3-BF4B-00C04F79EFBC}") = "DystirXamarin.iOS", "DystirXamarin\DystirXamarin.iOS\DystirXamarin.iOS.csproj", "{C7695C72-0FA8-48D4-8E9F-A8D12EB73711}"
EndProject
Project("{FAE04EC0-301F-11D3-BF4B-00C04F79EFBC}") = "DystirXamarin.UWP", "DystirXamarin\DystirXamarin.UWP\DystirXamarin.UWP.csproj", "{82C327C3-FA14-4ACC-992F-12AA764EC7DB}"
EndProject
Project("{FAE04EC0-301F-11D3-BF4B-00C04F79EFBC}") = "DystirXamarin", "DystirXamarin\DystirXamarin\DystirXamarin.csproj", "{C9B913F9-931D-4719-BE72-54FCB5F7D0FE}"
EndProject
Global
	GlobalSection(SolutionConfigurationPlatforms) = preSolution
		Ad-Hoc|Any CPU = Ad-Hoc|Any CPU
		Ad-Hoc|ARM = Ad-Hoc|ARM
		Ad-Hoc|iPhone = Ad-Hoc|iPhone
		Ad-Hoc|iPhoneSimulator = Ad-Hoc|iPhoneSimulator
		Ad-Hoc|x64 = Ad-Hoc|x64
		Ad-Hoc|x86 = Ad-Hoc|x86
		AppStore|Any CPU = AppStore|Any CPU
		AppStore|ARM = AppStore|ARM
		AppStore|iPhone = AppStore|iPhone
		AppStore|iPhoneSimulator = AppStore|iPhoneSimulator
		AppStore|x64 = AppStore|x64
		AppStore|x86 = AppStore|x86
		Debug|Any CPU = Debug|Any CPU
		Debug|ARM = Debug|ARM
		Debug|iPhone = Debug|iPhone
		Debug|iPhoneSimulator = Debug|iPhoneSimulator
		Debug|x64 = Debug|x64
		Debug|x86 = Debug|x86
		Release|Any CPU = Release|Any CPU
		Release|ARM = Release|ARM
		Release|iPhone = Release|iPhone
		Release|iPhoneSimulator = Release|iPhoneSimulator
		Release|x64 = Release|x64
		Release|x86 = Release|x86
	EndGlobalSection
	GlobalSection(ProjectConfigurationPlatforms) = postSolution
		{567B2922-A0A2-4CE0-802E-9FD43A0C35A9}.Ad-Hoc|Any CPU.ActiveCfg = Release|Any CPU
		{567B2922-A0A2-4CE0-802E-9FD43A0C35A9}.Ad-Hoc|Any CPU.Build.0 = Release|Any CPU
		{567B2922-A0A2-4CE0-802E-9FD43A0C35A9}.Ad-Hoc|Any CPU.Deploy.0 = Release|Any CPU
		{567B2922-A0A2-4CE0-802E-9FD43A0C35A9}.Ad-Hoc|ARM.ActiveCfg = Release|Any CPU
		{567B2922-A0A2-4CE0-802E-9FD43A0C35A9}.Ad-Hoc|ARM.Build.0 = Release|Any CPU
		{567B2922-A0A2-4CE0-802E-9FD43A0C35A9}.Ad-Hoc|ARM.Deploy.0 = Release|Any CPU
		{567B2922-A0A2-4CE0-802E-9FD43A0C35A9}.Ad-Hoc|iPhone.ActiveCfg = Release|Any CPU
		{567B2922-A0A2-4CE0-802E-9FD43A0C35A9}.Ad-Hoc|iPhone.Build.0 = Release|Any CPU
		{567B2922-A0A2-4CE0-802E-9FD43A0C35A9}.Ad-Hoc|iPhone.Deploy.0 = Release|Any CPU
		{567B2922-A0A2-4CE0-802E-9FD43A0C35A9}.Ad-Hoc|iPhoneSimulator.ActiveCfg = Release|Any CPU
		{567B2922-A0A2-4CE0-802E-9FD43A0C35A9}.Ad-Hoc|iPhoneSimulator.Build.0 = Release|Any CPU
		{567B2922-A0A2-4CE0-802E-9FD43A0C35A9}.Ad-Hoc|iPhoneSimulator.Deploy.0 = Release|Any CPU
		{567B2922-A0A2-4CE0-802E-9FD43A0C35A9}.Ad-Hoc|x64.ActiveCfg = Release|Any CPU
		{567B2922-A0A2-4CE0-802E-9FD43A0C35A9}.Ad-Hoc|x64.Build.0 = Release|Any CPU
		{567B2922-A0A2-4CE0-802E-9FD43A0C35A9}.Ad-Hoc|x64.Deploy.0 = Release|Any CPU
		{567B2922-A0A2-4CE0-802E-9FD43A0C35A9}.Ad-Hoc|x86.ActiveCfg = Release|Any CPU
		{567B2922-A0A2-4CE0-802E-9FD43A0C35A9}.Ad-Hoc|x86.Build.0 = Release|Any CPU
		{567B2922-A0A2-4CE0-802E-9FD43A0C35A9}.Ad-Hoc|x86.Deploy.0 = Release|Any CPU
		{567B2922-A0A2-4CE0-802E-9FD43A0C35A9}.AppStore|Any CPU.ActiveCfg = Release|Any CPU
		{567B2922-A0A2-4CE0-802E-9FD43A0C35A9}.AppStore|Any CPU.Build.0 = Release|Any CPU
		{567B2922-A0A2-4CE0-802E-9FD43A0C35A9}.AppStore|Any CPU.Deploy.0 = Release|Any CPU
		{567B2922-A0A2-4CE0-802E-9FD43A0C35A9}.AppStore|ARM.ActiveCfg = Release|Any CPU
		{567B2922-A0A2-4CE0-802E-9FD43A0C35A9}.AppStore|ARM.Build.0 = Release|Any CPU
		{567B2922-A0A2-4CE0-802E-9FD43A0C35A9}.AppStore|ARM.Deploy.0 = Release|Any CPU
		{567B2922-A0A2-4CE0-802E-9FD43A0C35A9}.AppStore|iPhone.ActiveCfg = Release|Any CPU
		{567B2922-A0A2-4CE0-802E-9FD43A0C35A9}.AppStore|iPhone.Build.0 = Release|Any CPU
		{567B2922-A0A2-4CE0-802E-9FD43A0C35A9}.AppStore|iPhone.Deploy.0 = Release|Any CPU
		{567B2922-A0A2-4CE0-802E-9FD43A0C35A9}.AppStore|iPhoneSimulator.ActiveCfg = Release|Any CPU
		{567B2922-A0A2-4CE0-802E-9FD43A0C35A9}.AppStore|iPhoneSimulator.Build.0 = Release|Any CPU
		{567B2922-A0A2-4CE0-802E-9FD43A0C35A9}.AppStore|iPhoneSimulator.Deploy.0 = Release|Any CPU
		{567B2922-A0A2-4CE0-802E-9FD43A0C35A9}.AppStore|x64.ActiveCfg = Release|Any CPU
		{567B2922-A0A2-4CE0-802E-9FD43A0C35A9}.AppStore|x64.Build.0 = Release|Any CPU
		{567B2922-A0A2-4CE0-802E-9FD43A0C35A9}.AppStore|x64.Deploy.0 = Release|Any CPU
		{567B2922-A0A2-4CE0-802E-9FD43A0C35A9}.AppStore|x86.ActiveCfg = Release|Any CPU
		{567B2922-A0A2-4CE0-802E-9FD43A0C35A9}.AppStore|x86.Build.0 = Release|Any CPU
		{567B2922-A0A2-4CE0-802E-9FD43A0C35A9}.AppStore|x86.Deploy.0 = Release|Any CPU
		{567B2922-A0A2-4CE0-802E-9FD43A0C35A9}.Debug|Any CPU.ActiveCfg = Debug|Any CPU
		{567B2922-A0A2-4CE0-802E-9FD43A0C35A9}.Debug|Any CPU.Build.0 = Debug|Any CPU
		{567B2922-A0A2-4CE0-802E-9FD43A0C35A9}.Debug|Any CPU.Deploy.0 = Debug|Any CPU
		{567B2922-A0A2-4CE0-802E-9FD43A0C35A9}.Debug|ARM.ActiveCfg = Debug|Any CPU
		{567B2922-A0A2-4CE0-802E-9FD43A0C35A9}.Debug|ARM.Build.0 = Debug|Any CPU
		{567B2922-A0A2-4CE0-802E-9FD43A0C35A9}.Debug|ARM.Deploy.0 = Debug|Any CPU
		{567B2922-A0A2-4CE0-802E-9FD43A0C35A9}.Debug|iPhone.ActiveCfg = Debug|Any CPU
		{567B2922-A0A2-4CE0-802E-9FD43A0C35A9}.Debug|iPhone.Build.0 = Debug|Any CPU
		{567B2922-A0A2-4CE0-802E-9FD43A0C35A9}.Debug|iPhone.Deploy.0 = Debug|Any CPU
		{567B2922-A0A2-4CE0-802E-9FD43A0C35A9}.Debug|iPhoneSimulator.ActiveCfg = Debug|Any CPU
		{567B2922-A0A2-4CE0-802E-9FD43A0C35A9}.Debug|iPhoneSimulator.Build.0 = Debug|Any CPU
		{567B2922-A0A2-4CE0-802E-9FD43A0C35A9}.Debug|iPhoneSimulator.Deploy.0 = Debug|Any CPU
		{567B2922-A0A2-4CE0-802E-9FD43A0C35A9}.Debug|x64.ActiveCfg = Debug|Any CPU
		{567B2922-A0A2-4CE0-802E-9FD43A0C35A9}.Debug|x64.Build.0 = Debug|Any CPU
		{567B2922-A0A2-4CE0-802E-9FD43A0C35A9}.Debug|x64.Deploy.0 = Debug|Any CPU
		{567B2922-A0A2-4CE0-802E-9FD43A0C35A9}.Debug|x86.ActiveCfg = Debug|Any CPU
		{567B2922-A0A2-4CE0-802E-9FD43A0C35A9}.Debug|x86.Build.0 = Debug|Any CPU
		{567B2922-A0A2-4CE0-802E-9FD43A0C35A9}.Debug|x86.Deploy.0 = Debug|Any CPU
		{567B2922-A0A2-4CE0-802E-9FD43A0C35A9}.Release|Any CPU.ActiveCfg = Release|Any CPU
		{567B2922-A0A2-4CE0-802E-9FD43A0C35A9}.Release|Any CPU.Build.0 = Release|Any CPU
		{567B2922-A0A2-4CE0-802E-9FD43A0C35A9}.Release|Any CPU.Deploy.0 = Release|Any CPU
		{567B2922-A0A2-4CE0-802E-9FD43A0C35A9}.Release|ARM.ActiveCfg = Release|Any CPU
		{567B2922-A0A2-4CE0-802E-9FD43A0C35A9}.Release|ARM.Build.0 = Release|Any CPU
		{567B2922-A0A2-4CE0-802E-9FD43A0C35A9}.Release|ARM.Deploy.0 = Release|Any CPU
		{567B2922-A0A2-4CE0-802E-9FD43A0C35A9}.Release|iPhone.ActiveCfg = Release|Any CPU
		{567B2922-A0A2-4CE0-802E-9FD43A0C35A9}.Release|iPhone.Build.0 = Release|Any CPU
		{567B2922-A0A2-4CE0-802E-9FD43A0C35A9}.Release|iPhone.Deploy.0 = Release|Any CPU
		{567B2922-A0A2-4CE0-802E-9FD43A0C35A9}.Release|iPhoneSimulator.ActiveCfg = Release|Any CPU
		{567B2922-A0A2-4CE0-802E-9FD43A0C35A9}.Release|iPhoneSimulator.Build.0 = Release|Any CPU
		{567B2922-A0A2-4CE0-802E-9FD43A0C35A9}.Release|iPhoneSimulator.Deploy.0 = Release|Any CPU
		{567B2922-A0A2-4CE0-802E-9FD43A0C35A9}.Release|x64.ActiveCfg = Release|Any CPU
		{567B2922-A0A2-4CE0-802E-9FD43A0C35A9}.Release|x64.Build.0 = Release|Any CPU
		{567B2922-A0A2-4CE0-802E-9FD43A0C35A9}.Release|x64.Deploy.0 = Release|Any CPU
		{567B2922-A0A2-4CE0-802E-9FD43A0C35A9}.Release|x86.ActiveCfg = Release|Any CPU
		{567B2922-A0A2-4CE0-802E-9FD43A0C35A9}.Release|x86.Build.0 = Release|Any CPU
		{567B2922-A0A2-4CE0-802E-9FD43A0C35A9}.Release|x86.Deploy.0 = Release|Any CPU
		{C7695C72-0FA8-48D4-8E9F-A8D12EB73711}.Ad-Hoc|Any CPU.ActiveCfg = Ad-Hoc|iPhone
		{C7695C72-0FA8-48D4-8E9F-A8D12EB73711}.Ad-Hoc|Any CPU.Build.0 = Ad-Hoc|iPhone
		{C7695C72-0FA8-48D4-8E9F-A8D12EB73711}.Ad-Hoc|Any CPU.Deploy.0 = Ad-Hoc|iPhone
		{C7695C72-0FA8-48D4-8E9F-A8D12EB73711}.Ad-Hoc|ARM.ActiveCfg = Ad-Hoc|iPhone
		{C7695C72-0FA8-48D4-8E9F-A8D12EB73711}.Ad-Hoc|ARM.Build.0 = Ad-Hoc|iPhone
		{C7695C72-0FA8-48D4-8E9F-A8D12EB73711}.Ad-Hoc|ARM.Deploy.0 = Ad-Hoc|iPhone
		{C7695C72-0FA8-48D4-8E9F-A8D12EB73711}.Ad-Hoc|iPhone.ActiveCfg = Ad-Hoc|iPhone
		{C7695C72-0FA8-48D4-8E9F-A8D12EB73711}.Ad-Hoc|iPhone.Build.0 = Ad-Hoc|iPhone
		{C7695C72-0FA8-48D4-8E9F-A8D12EB73711}.Ad-Hoc|iPhone.Deploy.0 = Ad-Hoc|iPhone
		{C7695C72-0FA8-48D4-8E9F-A8D12EB73711}.Ad-Hoc|iPhoneSimulator.ActiveCfg = Ad-Hoc|iPhoneSimulator
		{C7695C72-0FA8-48D4-8E9F-A8D12EB73711}.Ad-Hoc|iPhoneSimulator.Build.0 = Ad-Hoc|iPhoneSimulator
		{C7695C72-0FA8-48D4-8E9F-A8D12EB73711}.Ad-Hoc|iPhoneSimulator.Deploy.0 = Ad-Hoc|iPhoneSimulator
		{C7695C72-0FA8-48D4-8E9F-A8D12EB73711}.Ad-Hoc|x64.ActiveCfg = Ad-Hoc|iPhone
		{C7695C72-0FA8-48D4-8E9F-A8D12EB73711}.Ad-Hoc|x64.Build.0 = Ad-Hoc|iPhone
		{C7695C72-0FA8-48D4-8E9F-A8D12EB73711}.Ad-Hoc|x64.Deploy.0 = Ad-Hoc|iPhone
		{C7695C72-0FA8-48D4-8E9F-A8D12EB73711}.Ad-Hoc|x86.ActiveCfg = Ad-Hoc|iPhone
		{C7695C72-0FA8-48D4-8E9F-A8D12EB73711}.Ad-Hoc|x86.Build.0 = Ad-Hoc|iPhone
		{C7695C72-0FA8-48D4-8E9F-A8D12EB73711}.Ad-Hoc|x86.Deploy.0 = Ad-Hoc|iPhone
		{C7695C72-0FA8-48D4-8E9F-A8D12EB73711}.AppStore|Any CPU.ActiveCfg = AppStore|iPhone
		{C7695C72-0FA8-48D4-8E9F-A8D12EB73711}.AppStore|Any CPU.Build.0 = AppStore|iPhone
		{C7695C72-0FA8-48D4-8E9F-A8D12EB73711}.AppStore|Any CPU.Deploy.0 = AppStore|iPhone
		{C7695C72-0FA8-48D4-8E9F-A8D12EB73711}.AppStore|ARM.ActiveCfg = AppStore|iPhone
		{C7695C72-0FA8-48D4-8E9F-A8D12EB73711}.AppStore|ARM.Build.0 = AppStore|iPhone
		{C7695C72-0FA8-48D4-8E9F-A8D12EB73711}.AppStore|ARM.Deploy.0 = AppStore|iPhone
		{C7695C72-0FA8-48D4-8E9F-A8D12EB73711}.AppStore|iPhone.ActiveCfg = AppStore|iPhone
		{C7695C72-0FA8-48D4-8E9F-A8D12EB73711}.AppStore|iPhone.Build.0 = AppStore|iPhone
		{C7695C72-0FA8-48D4-8E9F-A8D12EB73711}.AppStore|iPhone.Deploy.0 = AppStore|iPhone
		{C7695C72-0FA8-48D4-8E9F-A8D12EB73711}.AppStore|iPhoneSimulator.ActiveCfg = AppStore|iPhoneSimulator
		{C7695C72-0FA8-48D4-8E9F-A8D12EB73711}.AppStore|iPhoneSimulator.Build.0 = AppStore|iPhoneSimulator
		{C7695C72-0FA8-48D4-8E9F-A8D12EB73711}.AppStore|iPhoneSimulator.Deploy.0 = AppStore|iPhoneSimulator
		{C7695C72-0FA8-48D4-8E9F-A8D12EB73711}.AppStore|x64.ActiveCfg = AppStore|iPhone
		{C7695C72-0FA8-48D4-8E9F-A8D12EB73711}.AppStore|x64.Build.0 = AppStore|iPhone
		{C7695C72-0FA8-48D4-8E9F-A8D12EB73711}.AppStore|x64.Deploy.0 = AppStore|iPhone
		{C7695C72-0FA8-48D4-8E9F-A8D12EB73711}.AppStore|x86.ActiveCfg = AppStore|iPhone
		{C7695C72-0FA8-48D4-8E9F-A8D12EB73711}.AppStore|x86.Build.0 = AppStore|iPhone
		{C7695C72-0FA8-48D4-8E9F-A8D12EB73711}.AppStore|x86.Deploy.0 = AppStore|iPhone
		{C7695C72-0FA8-48D4-8E9F-A8D12EB73711}.Debug|Any CPU.ActiveCfg = Debug|iPhoneSimulator
		{C7695C72-0FA8-48D4-8E9F-A8D12EB73711}.Debug|Any CPU.Build.0 = Debug|iPhoneSimulator
		{C7695C72-0FA8-48D4-8E9F-A8D12EB73711}.Debug|Any CPU.Deploy.0 = Debug|iPhoneSimulator
		{C7695C72-0FA8-48D4-8E9F-A8D12EB73711}.Debug|ARM.ActiveCfg = Debug|iPhone
		{C7695C72-0FA8-48D4-8E9F-A8D12EB73711}.Debug|ARM.Build.0 = Debug|iPhone
		{C7695C72-0FA8-48D4-8E9F-A8D12EB73711}.Debug|ARM.Deploy.0 = Debug|iPhone
		{C7695C72-0FA8-48D4-8E9F-A8D12EB73711}.Debug|iPhone.ActiveCfg = Debug|iPhone
		{C7695C72-0FA8-48D4-8E9F-A8D12EB73711}.Debug|iPhone.Build.0 = Debug|iPhone
		{C7695C72-0FA8-48D4-8E9F-A8D12EB73711}.Debug|iPhone.Deploy.0 = Debug|iPhone
		{C7695C72-0FA8-48D4-8E9F-A8D12EB73711}.Debug|iPhoneSimulator.ActiveCfg = Debug|iPhoneSimulator
		{C7695C72-0FA8-48D4-8E9F-A8D12EB73711}.Debug|iPhoneSimulator.Build.0 = Debug|iPhoneSimulator
		{C7695C72-0FA8-48D4-8E9F-A8D12EB73711}.Debug|iPhoneSimulator.Deploy.0 = Debug|iPhoneSimulator
		{C7695C72-0FA8-48D4-8E9F-A8D12EB73711}.Debug|x64.ActiveCfg = Debug|iPhone
		{C7695C72-0FA8-48D4-8E9F-A8D12EB73711}.Debug|x64.Build.0 = Debug|iPhone
		{C7695C72-0FA8-48D4-8E9F-A8D12EB73711}.Debug|x64.Deploy.0 = Debug|iPhone
		{C7695C72-0FA8-48D4-8E9F-A8D12EB73711}.Debug|x86.ActiveCfg = Debug|iPhone
		{C7695C72-0FA8-48D4-8E9F-A8D12EB73711}.Debug|x86.Build.0 = Debug|iPhone
		{C7695C72-0FA8-48D4-8E9F-A8D12EB73711}.Debug|x86.Deploy.0 = Debug|iPhone
		{C7695C72-0FA8-48D4-8E9F-A8D12EB73711}.Release|Any CPU.ActiveCfg = Release|iPhone
		{C7695C72-0FA8-48D4-8E9F-A8D12EB73711}.Release|Any CPU.Build.0 = Release|iPhone
		{C7695C72-0FA8-48D4-8E9F-A8D12EB73711}.Release|Any CPU.Deploy.0 = Release|iPhone
		{C7695C72-0FA8-48D4-8E9F-A8D12EB73711}.Release|ARM.ActiveCfg = Release|iPhone
		{C7695C72-0FA8-48D4-8E9F-A8D12EB73711}.Release|ARM.Build.0 = Release|iPhone
		{C7695C72-0FA8-48D4-8E9F-A8D12EB73711}.Release|ARM.Deploy.0 = Release|iPhone
		{C7695C72-0FA8-48D4-8E9F-A8D12EB73711}.Release|iPhone.ActiveCfg = Release|iPhone
		{C7695C72-0FA8-48D4-8E9F-A8D12EB73711}.Release|iPhone.Build.0 = Release|iPhone
		{C7695C72-0FA8-48D4-8E9F-A8D12EB73711}.Release|iPhone.Deploy.0 = Release|iPhone
		{C7695C72-0FA8-48D4-8E9F-A8D12EB73711}.Release|iPhoneSimulator.ActiveCfg = Release|iPhoneSimulator
		{C7695C72-0FA8-48D4-8E9F-A8D12EB73711}.Release|iPhoneSimulator.Build.0 = Release|iPhoneSimulator
		{C7695C72-0FA8-48D4-8E9F-A8D12EB73711}.Release|iPhoneSimulator.Deploy.0 = Release|iPhoneSimulator
		{C7695C72-0FA8-48D4-8E9F-A8D12EB73711}.Release|x64.ActiveCfg = Release|iPhone
		{C7695C72-0FA8-48D4-8E9F-A8D12EB73711}.Release|x64.Build.0 = Release|iPhone
		{C7695C72-0FA8-48D4-8E9F-A8D12EB73711}.Release|x64.Deploy.0 = Release|iPhone
		{C7695C72-0FA8-48D4-8E9F-A8D12EB73711}.Release|x86.ActiveCfg = Release|iPhone
		{C7695C72-0FA8-48D4-8E9F-A8D12EB73711}.Release|x86.Build.0 = Release|iPhone
		{C7695C72-0FA8-48D4-8E9F-A8D12EB73711}.Release|x86.Deploy.0 = Release|iPhone
		{82C327C3-FA14-4ACC-992F-12AA764EC7DB}.Ad-Hoc|Any CPU.ActiveCfg = Release|x86
		{82C327C3-FA14-4ACC-992F-12AA764EC7DB}.Ad-Hoc|Any CPU.Build.0 = Release|x86
		{82C327C3-FA14-4ACC-992F-12AA764EC7DB}.Ad-Hoc|Any CPU.Deploy.0 = Release|x86
		{82C327C3-FA14-4ACC-992F-12AA764EC7DB}.Ad-Hoc|ARM.ActiveCfg = Release|ARM
		{82C327C3-FA14-4ACC-992F-12AA764EC7DB}.Ad-Hoc|ARM.Build.0 = Release|ARM
		{82C327C3-FA14-4ACC-992F-12AA764EC7DB}.Ad-Hoc|ARM.Deploy.0 = Release|ARM
		{82C327C3-FA14-4ACC-992F-12AA764EC7DB}.Ad-Hoc|iPhone.ActiveCfg = Release|x86
		{82C327C3-FA14-4ACC-992F-12AA764EC7DB}.Ad-Hoc|iPhone.Build.0 = Release|x86
		{82C327C3-FA14-4ACC-992F-12AA764EC7DB}.Ad-Hoc|iPhone.Deploy.0 = Release|x86
		{82C327C3-FA14-4ACC-992F-12AA764EC7DB}.Ad-Hoc|iPhoneSimulator.ActiveCfg = Release|x86
		{82C327C3-FA14-4ACC-992F-12AA764EC7DB}.Ad-Hoc|iPhoneSimulator.Build.0 = Release|x86
		{82C327C3-FA14-4ACC-992F-12AA764EC7DB}.Ad-Hoc|iPhoneSimulator.Deploy.0 = Release|x86
		{82C327C3-FA14-4ACC-992F-12AA764EC7DB}.Ad-Hoc|x64.ActiveCfg = Release|x64
		{82C327C3-FA14-4ACC-992F-12AA764EC7DB}.Ad-Hoc|x64.Build.0 = Release|x64
		{82C327C3-FA14-4ACC-992F-12AA764EC7DB}.Ad-Hoc|x64.Deploy.0 = Release|x64
		{82C327C3-FA14-4ACC-992F-12AA764EC7DB}.Ad-Hoc|x86.ActiveCfg = Release|x86
		{82C327C3-FA14-4ACC-992F-12AA764EC7DB}.Ad-Hoc|x86.Build.0 = Release|x86
		{82C327C3-FA14-4ACC-992F-12AA764EC7DB}.Ad-Hoc|x86.Deploy.0 = Release|x86
		{82C327C3-FA14-4ACC-992F-12AA764EC7DB}.AppStore|Any CPU.ActiveCfg = Release|x86
		{82C327C3-FA14-4ACC-992F-12AA764EC7DB}.AppStore|Any CPU.Build.0 = Release|x86
		{82C327C3-FA14-4ACC-992F-12AA764EC7DB}.AppStore|Any CPU.Deploy.0 = Release|x86
		{82C327C3-FA14-4ACC-992F-12AA764EC7DB}.AppStore|ARM.ActiveCfg = Release|ARM
		{82C327C3-FA14-4ACC-992F-12AA764EC7DB}.AppStore|ARM.Build.0 = Release|ARM
		{82C327C3-FA14-4ACC-992F-12AA764EC7DB}.AppStore|ARM.Deploy.0 = Release|ARM
		{82C327C3-FA14-4ACC-992F-12AA764EC7DB}.AppStore|iPhone.ActiveCfg = Release|x86
		{82C327C3-FA14-4ACC-992F-12AA764EC7DB}.AppStore|iPhone.Build.0 = Release|x86
		{82C327C3-FA14-4ACC-992F-12AA764EC7DB}.AppStore|iPhone.Deploy.0 = Release|x86
		{82C327C3-FA14-4ACC-992F-12AA764EC7DB}.AppStore|iPhoneSimulator.ActiveCfg = Release|x86
		{82C327C3-FA14-4ACC-992F-12AA764EC7DB}.AppStore|iPhoneSimulator.Build.0 = Release|x86
		{82C327C3-FA14-4ACC-992F-12AA764EC7DB}.AppStore|iPhoneSimulator.Deploy.0 = Release|x86
		{82C327C3-FA14-4ACC-992F-12AA764EC7DB}.AppStore|x64.ActiveCfg = Release|x64
		{82C327C3-FA14-4ACC-992F-12AA764EC7DB}.AppStore|x64.Build.0 = Release|x64
		{82C327C3-FA14-4ACC-992F-12AA764EC7DB}.AppStore|x64.Deploy.0 = Release|x64
		{82C327C3-FA14-4ACC-992F-12AA764EC7DB}.AppStore|x86.ActiveCfg = Release|x86
		{82C327C3-FA14-4ACC-992F-12AA764EC7DB}.AppStore|x86.Build.0 = Release|x86
		{82C327C3-FA14-4ACC-992F-12AA764EC7DB}.AppStore|x86.Deploy.0 = Release|x86
		{82C327C3-FA14-4ACC-992F-12AA764EC7DB}.Debug|Any CPU.ActiveCfg = Debug|x86
		{82C327C3-FA14-4ACC-992F-12AA764EC7DB}.Debug|Any CPU.Build.0 = Debug|x86
		{82C327C3-FA14-4ACC-992F-12AA764EC7DB}.Debug|Any CPU.Deploy.0 = Debug|x86
		{82C327C3-FA14-4ACC-992F-12AA764EC7DB}.Debug|ARM.ActiveCfg = Debug|ARM
		{82C327C3-FA14-4ACC-992F-12AA764EC7DB}.Debug|ARM.Build.0 = Debug|ARM
		{82C327C3-FA14-4ACC-992F-12AA764EC7DB}.Debug|ARM.Deploy.0 = Debug|ARM
		{82C327C3-FA14-4ACC-992F-12AA764EC7DB}.Debug|iPhone.ActiveCfg = Debug|x86
		{82C327C3-FA14-4ACC-992F-12AA764EC7DB}.Debug|iPhone.Build.0 = Debug|x86
		{82C327C3-FA14-4ACC-992F-12AA764EC7DB}.Debug|iPhone.Deploy.0 = Debug|x86
		{82C327C3-FA14-4ACC-992F-12AA764EC7DB}.Debug|iPhoneSimulator.ActiveCfg = Debug|x86
		{82C327C3-FA14-4ACC-992F-12AA764EC7DB}.Debug|iPhoneSimulator.Build.0 = Debug|x86
		{82C327C3-FA14-4ACC-992F-12AA764EC7DB}.Debug|iPhoneSimulator.Deploy.0 = Debug|x86
		{82C327C3-FA14-4ACC-992F-12AA764EC7DB}.Debug|x64.ActiveCfg = Debug|x64
		{82C327C3-FA14-4ACC-992F-12AA764EC7DB}.Debug|x64.Build.0 = Debug|x64
		{82C327C3-FA14-4ACC-992F-12AA764EC7DB}.Debug|x64.Deploy.0 = Debug|x64
		{82C327C3-FA14-4ACC-992F-12AA764EC7DB}.Debug|x86.ActiveCfg = Debug|x86
		{82C327C3-FA14-4ACC-992F-12AA764EC7DB}.Debug|x86.Build.0 = Debug|x86
		{82C327C3-FA14-4ACC-992F-12AA764EC7DB}.Debug|x86.Deploy.0 = Debug|x86
		{82C327C3-FA14-4ACC-992F-12AA764EC7DB}.Release|Any CPU.ActiveCfg = Release|x86
		{82C327C3-FA14-4ACC-992F-12AA764EC7DB}.Release|Any CPU.Build.0 = Release|x86
		{82C327C3-FA14-4ACC-992F-12AA764EC7DB}.Release|Any CPU.Deploy.0 = Release|x86
		{82C327C3-FA14-4ACC-992F-12AA764EC7DB}.Release|ARM.ActiveCfg = Release|ARM
		{82C327C3-FA14-4ACC-992F-12AA764EC7DB}.Release|ARM.Build.0 = Release|ARM
		{82C327C3-FA14-4ACC-992F-12AA764EC7DB}.Release|ARM.Deploy.0 = Release|ARM
		{82C327C3-FA14-4ACC-992F-12AA764EC7DB}.Release|iPhone.ActiveCfg = Release|x86
		{82C327C3-FA14-4ACC-992F-12AA764EC7DB}.Release|iPhone.Build.0 = Release|x86
		{82C327C3-FA14-4ACC-992F-12AA764EC7DB}.Release|iPhone.Deploy.0 = Release|x86
		{82C327C3-FA14-4ACC-992F-12AA764EC7DB}.Release|iPhoneSimulator.ActiveCfg = Release|x86
		{82C327C3-FA14-4ACC-992F-12AA764EC7DB}.Release|iPhoneSimulator.Build.0 = Release|x86
		{82C327C3-FA14-4ACC-992F-12AA764EC7DB}.Release|iPhoneSimulator.Deploy.0 = Release|x86
		{82C327C3-FA14-4ACC-992F-12AA764EC7DB}.Release|x64.ActiveCfg = Release|x64
		{82C327C3-FA14-4ACC-992F-12AA764EC7DB}.Release|x64.Build.0 = Release|x64
		{82C327C3-FA14-4ACC-992F-12AA764EC7DB}.Release|x64.Deploy.0 = Release|x64
		{82C327C3-FA14-4ACC-992F-12AA764EC7DB}.Release|x86.ActiveCfg = Release|x86
		{82C327C3-FA14-4ACC-992F-12AA764EC7DB}.Release|x86.Build.0 = Release|x86
		{82C327C3-FA14-4ACC-992F-12AA764EC7DB}.Release|x86.Deploy.0 = Release|x86
		{C9B913F9-931D-4719-BE72-54FCB5F7D0FE}.Ad-Hoc|Any CPU.ActiveCfg = Debug|Any CPU
		{C9B913F9-931D-4719-BE72-54FCB5F7D0FE}.Ad-Hoc|Any CPU.Build.0 = Debug|Any CPU
		{C9B913F9-931D-4719-BE72-54FCB5F7D0FE}.Ad-Hoc|Any CPU.Deploy.0 = Debug|Any CPU
		{C9B913F9-931D-4719-BE72-54FCB5F7D0FE}.Ad-Hoc|ARM.ActiveCfg = Debug|Any CPU
		{C9B913F9-931D-4719-BE72-54FCB5F7D0FE}.Ad-Hoc|ARM.Build.0 = Debug|Any CPU
		{C9B913F9-931D-4719-BE72-54FCB5F7D0FE}.Ad-Hoc|ARM.Deploy.0 = Debug|Any CPU
		{C9B913F9-931D-4719-BE72-54FCB5F7D0FE}.Ad-Hoc|iPhone.ActiveCfg = Debug|Any CPU
		{C9B913F9-931D-4719-BE72-54FCB5F7D0FE}.Ad-Hoc|iPhone.Build.0 = Debug|Any CPU
		{C9B913F9-931D-4719-BE72-54FCB5F7D0FE}.Ad-Hoc|iPhone.Deploy.0 = Debug|Any CPU
		{C9B913F9-931D-4719-BE72-54FCB5F7D0FE}.Ad-Hoc|iPhoneSimulator.ActiveCfg = Debug|Any CPU
		{C9B913F9-931D-4719-BE72-54FCB5F7D0FE}.Ad-Hoc|iPhoneSimulator.Build.0 = Debug|Any CPU
		{C9B913F9-931D-4719-BE72-54FCB5F7D0FE}.Ad-Hoc|iPhoneSimulator.Deploy.0 = Debug|Any CPU
		{C9B913F9-931D-4719-BE72-54FCB5F7D0FE}.Ad-Hoc|x64.ActiveCfg = Debug|Any CPU
		{C9B913F9-931D-4719-BE72-54FCB5F7D0FE}.Ad-Hoc|x64.Build.0 = Debug|Any CPU
		{C9B913F9-931D-4719-BE72-54FCB5F7D0FE}.Ad-Hoc|x64.Deploy.0 = Debug|Any CPU
		{C9B913F9-931D-4719-BE72-54FCB5F7D0FE}.Ad-Hoc|x86.ActiveCfg = Debug|Any CPU
		{C9B913F9-931D-4719-BE72-54FCB5F7D0FE}.Ad-Hoc|x86.Build.0 = Debug|Any CPU
		{C9B913F9-931D-4719-BE72-54FCB5F7D0FE}.Ad-Hoc|x86.Deploy.0 = Debug|Any CPU
		{C9B913F9-931D-4719-BE72-54FCB5F7D0FE}.AppStore|Any CPU.ActiveCfg = Debug|Any CPU
		{C9B913F9-931D-4719-BE72-54FCB5F7D0FE}.AppStore|Any CPU.Build.0 = Debug|Any CPU
		{C9B913F9-931D-4719-BE72-54FCB5F7D0FE}.AppStore|Any CPU.Deploy.0 = Debug|Any CPU
		{C9B913F9-931D-4719-BE72-54FCB5F7D0FE}.AppStore|ARM.ActiveCfg = Debug|Any CPU
		{C9B913F9-931D-4719-BE72-54FCB5F7D0FE}.AppStore|ARM.Build.0 = Debug|Any CPU
		{C9B913F9-931D-4719-BE72-54FCB5F7D0FE}.AppStore|ARM.Deploy.0 = Debug|Any CPU
		{C9B913F9-931D-4719-BE72-54FCB5F7D0FE}.AppStore|iPhone.ActiveCfg = Debug|Any CPU
		{C9B913F9-931D-4719-BE72-54FCB5F7D0FE}.AppStore|iPhone.Build.0 = Debug|Any CPU
		{C9B913F9-931D-4719-BE72-54FCB5F7D0FE}.AppStore|iPhone.Deploy.0 = Debug|Any CPU
		{C9B913F9-931D-4719-BE72-54FCB5F7D0FE}.AppStore|iPhoneSimulator.ActiveCfg = Debug|Any CPU
		{C9B913F9-931D-4719-BE72-54FCB5F7D0FE}.AppStore|iPhoneSimulator.Build.0 = Debug|Any CPU
		{C9B913F9-931D-4719-BE72-54FCB5F7D0FE}.AppStore|iPhoneSimulator.Deploy.0 = Debug|Any CPU
		{C9B913F9-931D-4719-BE72-54FCB5F7D0FE}.AppStore|x64.ActiveCfg = Debug|Any CPU
		{C9B913F9-931D-4719-BE72-54FCB5F7D0FE}.AppStore|x64.Build.0 = Debug|Any CPU
		{C9B913F9-931D-4719-BE72-54FCB5F7D0FE}.AppStore|x64.Deploy.0 = Debug|Any CPU
		{C9B913F9-931D-4719-BE72-54FCB5F7D0FE}.AppStore|x86.ActiveCfg = Debug|Any CPU
		{C9B913F9-931D-4719-BE72-54FCB5F7D0FE}.AppStore|x86.Build.0 = Debug|Any CPU
		{C9B913F9-931D-4719-BE72-54FCB5F7D0FE}.AppStore|x86.Deploy.0 = Debug|Any CPU
		{C9B913F9-931D-4719-BE72-54FCB5F7D0FE}.Debug|Any CPU.ActiveCfg = Debug|Any CPU
		{C9B913F9-931D-4719-BE72-54FCB5F7D0FE}.Debug|Any CPU.Build.0 = Debug|Any CPU
		{C9B913F9-931D-4719-BE72-54FCB5F7D0FE}.Debug|Any CPU.Deploy.0 = Debug|Any CPU
		{C9B913F9-931D-4719-BE72-54FCB5F7D0FE}.Debug|ARM.ActiveCfg = Debug|Any CPU
		{C9B913F9-931D-4719-BE72-54FCB5F7D0FE}.Debug|ARM.Build.0 = Debug|Any CPU
		{C9B913F9-931D-4719-BE72-54FCB5F7D0FE}.Debug|ARM.Deploy.0 = Debug|Any CPU
		{C9B913F9-931D-4719-BE72-54FCB5F7D0FE}.Debug|iPhone.ActiveCfg = Debug|Any CPU
		{C9B913F9-931D-4719-BE72-54FCB5F7D0FE}.Debug|iPhone.Build.0 = Debug|Any CPU
		{C9B913F9-931D-4719-BE72-54FCB5F7D0FE}.Debug|iPhone.Deploy.0 = Debug|Any CPU
		{C9B913F9-931D-4719-BE72-54FCB5F7D0FE}.Debug|iPhoneSimulator.ActiveCfg = Debug|Any CPU
		{C9B913F9-931D-4719-BE72-54FCB5F7D0FE}.Debug|iPhoneSimulator.Build.0 = Debug|Any CPU
		{C9B913F9-931D-4719-BE72-54FCB5F7D0FE}.Debug|iPhoneSimulator.Deploy.0 = Debug|Any CPU
		{C9B913F9-931D-4719-BE72-54FCB5F7D0FE}.Debug|x64.ActiveCfg = Debug|Any CPU
		{C9B913F9-931D-4719-BE72-54FCB5F7D0FE}.Debug|x64.Build.0 = Debug|Any CPU
		{C9B913F9-931D-4719-BE72-54FCB5F7D0FE}.Debug|x64.Deploy.0 = Debug|Any CPU
		{C9B913F9-931D-4719-BE72-54FCB5F7D0FE}.Debug|x86.ActiveCfg = Debug|Any CPU
		{C9B913F9-931D-4719-BE72-54FCB5F7D0FE}.Debug|x86.Build.0 = Debug|Any CPU
		{C9B913F9-931D-4719-BE72-54FCB5F7D0FE}.Debug|x86.Deploy.0 = Debug|Any CPU
		{C9B913F9-931D-4719-BE72-54FCB5F7D0FE}.Release|Any CPU.ActiveCfg = Release|Any CPU
		{C9B913F9-931D-4719-BE72-54FCB5F7D0FE}.Release|Any CPU.Build.0 = Release|Any CPU
		{C9B913F9-931D-4719-BE72-54FCB5F7D0FE}.Release|Any CPU.Deploy.0 = Release|Any CPU
		{C9B913F9-931D-4719-BE72-54FCB5F7D0FE}.Release|ARM.ActiveCfg = Release|Any CPU
		{C9B913F9-931D-4719-BE72-54FCB5F7D0FE}.Release|ARM.Build.0 = Release|Any CPU
		{C9B913F9-931D-4719-BE72-54FCB5F7D0FE}.Release|ARM.Deploy.0 = Release|Any CPU
		{C9B913F9-931D-4719-BE72-54FCB5F7D0FE}.Release|iPhone.ActiveCfg = Release|Any CPU
		{C9B913F9-931D-4719-BE72-54FCB5F7D0FE}.Release|iPhone.Build.0 = Release|Any CPU
		{C9B913F9-931D-4719-BE72-54FCB5F7D0FE}.Release|iPhone.Deploy.0 = Release|Any CPU
		{C9B913F9-931D-4719-BE72-54FCB5F7D0FE}.Release|iPhoneSimulator.ActiveCfg = Release|Any CPU
		{C9B913F9-931D-4719-BE72-54FCB5F7D0FE}.Release|iPhoneSimulator.Build.0 = Release|Any CPU
		{C9B913F9-931D-4719-BE72-54FCB5F7D0FE}.Release|iPhoneSimulator.Deploy.0 = Release|Any CPU
		{C9B913F9-931D-4719-BE72-54FCB5F7D0FE}.Release|x64.ActiveCfg = Release|Any CPU
		{C9B913F9-931D-4719-BE72-54FCB5F7D0FE}.Release|x64.Build.0 = Release|Any CPU
		{C9B913F9-931D-4719-BE72-54FCB5F7D0FE}.Release|x64.Deploy.0 = Release|Any CPU
		{C9B913F9-931D-4719-BE72-54FCB5F7D0FE}.Release|x86.ActiveCfg = Release|Any CPU
		{C9B913F9-931D-4719-BE72-54FCB5F7D0FE}.Release|x86.Build.0 = Release|Any CPU
		{C9B913F9-931D-4719-BE72-54FCB5F7D0FE}.Release|x86.Deploy.0 = Release|Any CPU
	EndGlobalSection
	GlobalSection(SolutionProperties) = preSolution
		HideSolutionNode = FALSE
	EndGlobalSection
	GlobalSection(ExtensibilityGlobals) = postSolution
		SolutionGuid = {D5549D82-4802-4DDD-9347-575FA5DAC984}
	EndGlobalSection
EndGlobal
