
Microsoft Visual Studio Solution File, Format Version 12.00
# Visual Studio Version 16
VisualStudioVersion = 16.0.28803.202
MinimumVisualStudioVersion = 10.0.40219.1
Project("{9A19103F-16F7-4668-BE54-9A1E7A4F7556}") = "DystirManager", "DystirManager\DystirManager\DystirManager.csproj", "{3DAFB64B-42D2-4AE5-9471-D847D5898F5C}"
EndProject
Project("{FAE04EC0-301F-11D3-BF4B-00C04F79EFBC}") = "DystirManager.Android", "DystirManager\DystirManager.Android\DystirManager.Android.csproj", "{CDDD20C1-2003-4403-A381-E15BF6FB8301}"
EndProject
Project("{FAE04EC0-301F-11D3-BF4B-00C04F79EFBC}") = "DystirManager.iOS", "DystirManager\DystirManager.iOS\DystirManager.iOS.csproj", "{76756C0F-3704-41AC-AFCA-6378D4D2820A}"
EndProject
Project("{FAE04EC0-301F-11D3-BF4B-00C04F79EFBC}") = "DystirManager.UWP", "DystirManager\DystirManager.UWP\DystirManager.UWP.csproj", "{17F2ECC7-20B2-4448-9908-7CB0394512F4}"
EndProject
Global
	GlobalSection(SolutionConfigurationPlatforms) = preSolution
		Debug|Any CPU = Debug|Any CPU
		Debug|ARM = Debug|ARM
		Debug|iPhone = Debug|iPhone
		Debug|iPhoneSimulator = Debug|iPhoneSimulator
		Debug|x64 = Debug|x64
		Debug|x86 = Debug|x86
		Release|Any CPU = Release|Any CPU
		Release|ARM = Release|ARM
		Release|iPhone = Release|iPhone
		Release|iPhoneSimulator = Release|iPhoneSimulator
		Release|x64 = Release|x64
		Release|x86 = Release|x86
	EndGlobalSection
	GlobalSection(ProjectConfigurationPlatforms) = postSolution
		{3DAFB64B-42D2-4AE5-9471-D847D5898F5C}.Debug|Any CPU.ActiveCfg = Debug|Any CPU
		{3DAFB64B-42D2-4AE5-9471-D847D5898F5C}.Debug|Any CPU.Build.0 = Debug|Any CPU
		{3DAFB64B-42D2-4AE5-9471-D847D5898F5C}.Debug|ARM.ActiveCfg = Debug|Any CPU
		{3DAFB64B-42D2-4AE5-9471-D847D5898F5C}.Debug|ARM.Build.0 = Debug|Any CPU
		{3DAFB64B-42D2-4AE5-9471-D847D5898F5C}.Debug|iPhone.ActiveCfg = Debug|Any CPU
		{3DAFB64B-42D2-4AE5-9471-D847D5898F5C}.Debug|iPhone.Build.0 = Debug|Any CPU
		{3DAFB64B-42D2-4AE5-9471-D847D5898F5C}.Debug|iPhoneSimulator.ActiveCfg = Debug|Any CPU
		{3DAFB64B-42D2-4AE5-9471-D847D5898F5C}.Debug|iPhoneSimulator.Build.0 = Debug|Any CPU
		{3DAFB64B-42D2-4AE5-9471-D847D5898F5C}.Debug|x64.ActiveCfg = Debug|Any CPU
		{3DAFB64B-42D2-4AE5-9471-D847D5898F5C}.Debug|x64.Build.0 = Debug|Any CPU
		{3DAFB64B-42D2-4AE5-9471-D847D5898F5C}.Debug|x86.ActiveCfg = Debug|Any CPU
		{3DAFB64B-42D2-4AE5-9471-D847D5898F5C}.Debug|x86.Build.0 = Debug|Any CPU
		{3DAFB64B-42D2-4AE5-9471-D847D5898F5C}.Release|Any CPU.ActiveCfg = Release|Any CPU
		{3DAFB64B-42D2-4AE5-9471-D847D5898F5C}.Release|Any CPU.Build.0 = Release|Any CPU
		{3DAFB64B-42D2-4AE5-9471-D847D5898F5C}.Release|ARM.ActiveCfg = Release|Any CPU
		{3DAFB64B-42D2-4AE5-9471-D847D5898F5C}.Release|ARM.Build.0 = Release|Any CPU
		{3DAFB64B-42D2-4AE5-9471-D847D5898F5C}.Release|iPhone.ActiveCfg = Release|Any CPU
		{3DAFB64B-42D2-4AE5-9471-D847D5898F5C}.Release|iPhone.Build.0 = Release|Any CPU
		{3DAFB64B-42D2-4AE5-9471-D847D5898F5C}.Release|iPhoneSimulator.ActiveCfg = Release|Any CPU
		{3DAFB64B-42D2-4AE5-9471-D847D5898F5C}.Release|iPhoneSimulator.Build.0 = Release|Any CPU
		{3DAFB64B-42D2-4AE5-9471-D847D5898F5C}.Release|x64.ActiveCfg = Release|Any CPU
		{3DAFB64B-42D2-4AE5-9471-D847D5898F5C}.Release|x64.Build.0 = Release|Any CPU
		{3DAFB64B-42D2-4AE5-9471-D847D5898F5C}.Release|x86.ActiveCfg = Release|Any CPU
		{3DAFB64B-42D2-4AE5-9471-D847D5898F5C}.Release|x86.Build.0 = Release|Any CPU
		{CDDD20C1-2003-4403-A381-E15BF6FB8301}.Debug|Any CPU.ActiveCfg = Debug|Any CPU
		{CDDD20C1-2003-4403-A381-E15BF6FB8301}.Debug|Any CPU.Build.0 = Debug|Any CPU
		{CDDD20C1-2003-4403-A381-E15BF6FB8301}.Debug|Any CPU.Deploy.0 = Debug|Any CPU
		{CDDD20C1-2003-4403-A381-E15BF6FB8301}.Debug|ARM.ActiveCfg = Debug|Any CPU
		{CDDD20C1-2003-4403-A381-E15BF6FB8301}.Debug|ARM.Build.0 = Debug|Any CPU
		{CDDD20C1-2003-4403-A381-E15BF6FB8301}.Debug|ARM.Deploy.0 = Debug|Any CPU
		{CDDD20C1-2003-4403-A381-E15BF6FB8301}.Debug|iPhone.ActiveCfg = Debug|Any CPU
		{CDDD20C1-2003-4403-A381-E15BF6FB8301}.Debug|iPhone.Build.0 = Debug|Any CPU
		{CDDD20C1-2003-4403-A381-E15BF6FB8301}.Debug|iPhone.Deploy.0 = Debug|Any CPU
		{CDDD20C1-2003-4403-A381-E15BF6FB8301}.Debug|iPhoneSimulator.ActiveCfg = Debug|Any CPU
		{CDDD20C1-2003-4403-A381-E15BF6FB8301}.Debug|iPhoneSimulator.Build.0 = Debug|Any CPU
		{CDDD20C1-2003-4403-A381-E15BF6FB8301}.Debug|iPhoneSimulator.Deploy.0 = Debug|Any CPU
		{CDDD20C1-2003-4403-A381-E15BF6FB8301}.Debug|x64.ActiveCfg = Debug|Any CPU
		{CDDD20C1-2003-4403-A381-E15BF6FB8301}.Debug|x64.Build.0 = Debug|Any CPU
		{CDDD20C1-2003-4403-A381-E15BF6FB8301}.Debug|x64.Deploy.0 = Debug|Any CPU
		{CDDD20C1-2003-4403-A381-E15BF6FB8301}.Debug|x86.ActiveCfg = Debug|Any CPU
		{CDDD20C1-2003-4403-A381-E15BF6FB8301}.Debug|x86.Build.0 = Debug|Any CPU
		{CDDD20C1-2003-4403-A381-E15BF6FB8301}.Debug|x86.Deploy.0 = Debug|Any CPU
		{CDDD20C1-2003-4403-A381-E15BF6FB8301}.Release|Any CPU.ActiveCfg = Release|Any CPU
		{CDDD20C1-2003-4403-A381-E15BF6FB8301}.Release|Any CPU.Build.0 = Release|Any CPU
		{CDDD20C1-2003-4403-A381-E15BF6FB8301}.Release|Any CPU.Deploy.0 = Release|Any CPU
		{CDDD20C1-2003-4403-A381-E15BF6FB8301}.Release|ARM.ActiveCfg = Release|Any CPU
		{CDDD20C1-2003-4403-A381-E15BF6FB8301}.Release|ARM.Build.0 = Release|Any CPU
		{CDDD20C1-2003-4403-A381-E15BF6FB8301}.Release|ARM.Deploy.0 = Release|Any CPU
		{CDDD20C1-2003-4403-A381-E15BF6FB8301}.Release|iPhone.ActiveCfg = Release|Any CPU
		{CDDD20C1-2003-4403-A381-E15BF6FB8301}.Release|iPhone.Build.0 = Release|Any CPU
		{CDDD20C1-2003-4403-A381-E15BF6FB8301}.Release|iPhone.Deploy.0 = Release|Any CPU
		{CDDD20C1-2003-4403-A381-E15BF6FB8301}.Release|iPhoneSimulator.ActiveCfg = Release|Any CPU
		{CDDD20C1-2003-4403-A381-E15BF6FB8301}.Release|iPhoneSimulator.Build.0 = Release|Any CPU
		{CDDD20C1-2003-4403-A381-E15BF6FB8301}.Release|iPhoneSimulator.Deploy.0 = Release|Any CPU
		{CDDD20C1-2003-4403-A381-E15BF6FB8301}.Release|x64.ActiveCfg = Release|Any CPU
		{CDDD20C1-2003-4403-A381-E15BF6FB8301}.Release|x64.Build.0 = Release|Any CPU
		{CDDD20C1-2003-4403-A381-E15BF6FB8301}.Release|x64.Deploy.0 = Release|Any CPU
		{CDDD20C1-2003-4403-A381-E15BF6FB8301}.Release|x86.ActiveCfg = Release|Any CPU
		{CDDD20C1-2003-4403-A381-E15BF6FB8301}.Release|x86.Build.0 = Release|Any CPU
		{CDDD20C1-2003-4403-A381-E15BF6FB8301}.Release|x86.Deploy.0 = Release|Any CPU
		{76756C0F-3704-41AC-AFCA-6378D4D2820A}.Debug|Any CPU.ActiveCfg = Debug|iPhone
		{76756C0F-3704-41AC-AFCA-6378D4D2820A}.Debug|ARM.ActiveCfg = Debug|iPhone
		{76756C0F-3704-41AC-AFCA-6378D4D2820A}.Debug|iPhone.ActiveCfg = Debug|iPhone
		{76756C0F-3704-41AC-AFCA-6378D4D2820A}.Debug|iPhone.Build.0 = Debug|iPhone
		{76756C0F-3704-41AC-AFCA-6378D4D2820A}.Debug|iPhoneSimulator.ActiveCfg = Debug|iPhoneSimulator
		{76756C0F-3704-41AC-AFCA-6378D4D2820A}.Debug|iPhoneSimulator.Build.0 = Debug|iPhoneSimulator
		{76756C0F-3704-41AC-AFCA-6378D4D2820A}.Debug|x64.ActiveCfg = Debug|iPhone
		{76756C0F-3704-41AC-AFCA-6378D4D2820A}.Debug|x86.ActiveCfg = Debug|iPhone
		{76756C0F-3704-41AC-AFCA-6378D4D2820A}.Release|Any CPU.ActiveCfg = Release|iPhone
		{76756C0F-3704-41AC-AFCA-6378D4D2820A}.Release|ARM.ActiveCfg = Release|iPhone
		{76756C0F-3704-41AC-AFCA-6378D4D2820A}.Release|iPhone.ActiveCfg = Release|iPhone
		{76756C0F-3704-41AC-AFCA-6378D4D2820A}.Release|iPhone.Build.0 = Release|iPhone
		{76756C0F-3704-41AC-AFCA-6378D4D2820A}.Release|iPhoneSimulator.ActiveCfg = Release|iPhoneSimulator
		{76756C0F-3704-41AC-AFCA-6378D4D2820A}.Release|iPhoneSimulator.Build.0 = Release|iPhoneSimulator
		{76756C0F-3704-41AC-AFCA-6378D4D2820A}.Release|x64.ActiveCfg = Release|iPhone
		{76756C0F-3704-41AC-AFCA-6378D4D2820A}.Release|x86.ActiveCfg = Release|iPhone
		{17F2ECC7-20B2-4448-9908-7CB0394512F4}.Debug|Any CPU.ActiveCfg = Debug|x86
		{17F2ECC7-20B2-4448-9908-7CB0394512F4}.Debug|ARM.ActiveCfg = Debug|ARM
		{17F2ECC7-20B2-4448-9908-7CB0394512F4}.Debug|ARM.Build.0 = Debug|ARM
		{17F2ECC7-20B2-4448-9908-7CB0394512F4}.Debug|ARM.Deploy.0 = Debug|ARM
		{17F2ECC7-20B2-4448-9908-7CB0394512F4}.Debug|iPhone.ActiveCfg = Debug|x86
		{17F2ECC7-20B2-4448-9908-7CB0394512F4}.Debug|iPhoneSimulator.ActiveCfg = Debug|x86
		{17F2ECC7-20B2-4448-9908-7CB0394512F4}.Debug|x64.ActiveCfg = Debug|x64
		{17F2ECC7-20B2-4448-9908-7CB0394512F4}.Debug|x64.Build.0 = Debug|x64
		{17F2ECC7-20B2-4448-9908-7CB0394512F4}.Debug|x64.Deploy.0 = Debug|x64
		{17F2ECC7-20B2-4448-9908-7CB0394512F4}.Debug|x86.ActiveCfg = Debug|x86
		{17F2ECC7-20B2-4448-9908-7CB0394512F4}.Debug|x86.Build.0 = Debug|x86
		{17F2ECC7-20B2-4448-9908-7CB0394512F4}.Debug|x86.Deploy.0 = Debug|x86
		{17F2ECC7-20B2-4448-9908-7CB0394512F4}.Release|Any CPU.ActiveCfg = Release|x86
		{17F2ECC7-20B2-4448-9908-7CB0394512F4}.Release|ARM.ActiveCfg = Release|ARM
		{17F2ECC7-20B2-4448-9908-7CB0394512F4}.Release|ARM.Build.0 = Release|ARM
		{17F2ECC7-20B2-4448-9908-7CB0394512F4}.Release|ARM.Deploy.0 = Release|ARM
		{17F2ECC7-20B2-4448-9908-7CB0394512F4}.Release|iPhone.ActiveCfg = Release|x86
		{17F2ECC7-20B2-4448-9908-7CB0394512F4}.Release|iPhoneSimulator.ActiveCfg = Release|x86
		{17F2ECC7-20B2-4448-9908-7CB0394512F4}.Release|x64.ActiveCfg = Release|x64
		{17F2ECC7-20B2-4448-9908-7CB0394512F4}.Release|x64.Build.0 = Release|x64
		{17F2ECC7-20B2-4448-9908-7CB0394512F4}.Release|x64.Deploy.0 = Release|x64
		{17F2ECC7-20B2-4448-9908-7CB0394512F4}.Release|x86.ActiveCfg = Release|x86
		{17F2ECC7-20B2-4448-9908-7CB0394512F4}.Release|x86.Build.0 = Release|x86
		{17F2ECC7-20B2-4448-9908-7CB0394512F4}.Release|x86.Deploy.0 = Release|x86
	EndGlobalSection
	GlobalSection(SolutionProperties) = preSolution
		HideSolutionNode = FALSE
	EndGlobalSection
	GlobalSection(ExtensibilityGlobals) = postSolution
		SolutionGuid = {3BBC6CF9-D82B-43FC-9CB1-4F92F934F420}
	EndGlobalSection
EndGlobal
